// !$*UTF8*$!
{
	archiveVersion = 1;
	classes = {
	};
	objectVersion = 77;
	objects = {

/* Begin PBXContainerItemProxy section */
		179119C72CDFA6F1001837B4 /* PBXContainerItemProxy */ = {
			isa = PBXContainerItemProxy;
			containerPortal = 179119AC2CDFA6EF001837B4 /* Project object */;
			proxyType = 1;
			remoteGlobalIDString = 179119B32CDFA6EF001837B4;
			remoteInfo = NguliController;
		};
		179119D12CDFA6F1001837B4 /* PBXContainerItemProxy */ = {
			isa = PBXContainerItemProxy;
			containerPortal = 179119AC2CDFA6EF001837B4 /* Project object */;
			proxyType = 1;
			remoteGlobalIDString = 179119B32CDFA6EF001837B4;
			remoteInfo = NguliController;
		};
/* End PBXContainerItemProxy section */

/* Begin PBXFileReference section */
		179119B42CDFA6EF001837B4 /* NguliController.app */ = {isa = PBXFileReference; explicitFileType = wrapper.application; includeInIndex = 0; path = NguliController.app; sourceTree = BUILT_PRODUCTS_DIR; };
		179119C62CDFA6F1001837B4 /* NguliControllerTests.xctest */ = {isa = PBXFileReference; explicitFileType = wrapper.cfbundle; includeInIndex = 0; path = NguliControllerTests.xctest; sourceTree = BUILT_PRODUCTS_DIR; };
		179119D02CDFA6F1001837B4 /* NguliControllerUITests.xctest */ = {isa = PBXFileReference; explicitFileType = wrapper.cfbundle; includeInIndex = 0; path = NguliControllerUITests.xctest; sourceTree = BUILT_PRODUCTS_DIR; };
/* End PBXFileReference section */

/* Begin PBXFileSystemSynchronizedBuildFileExceptionSet section */
		17911AFF2CEAAE5E001837B4 /* Exceptions for "NguliController" folder in "NguliController" target */ = {
			isa = PBXFileSystemSynchronizedBuildFileExceptionSet;
			membershipExceptions = (
				Info.plist,
			);
			target = 179119B32CDFA6EF001837B4 /* NguliController */;
		};
/* End PBXFileSystemSynchronizedBuildFileExceptionSet section */

/* Begin PBXFileSystemSynchronizedRootGroup section */
		179119B62CDFA6EF001837B4 /* NguliController */ = {
			isa = PBXFileSystemSynchronizedRootGroup;
			exceptions = (
				17911AFF2CEAAE5E001837B4 /* Exceptions for "NguliController" folder in "NguliController" target */,
			);
			path = NguliController;
			sourceTree = "<group>";
		};
		179119C92CDFA6F1001837B4 /* NguliControllerTests */ = {
			isa = PBXFileSystemSynchronizedRootGroup;
			path = NguliControllerTests;
			sourceTree = "<group>";
		};
		179119D32CDFA6F1001837B4 /* NguliControllerUITests */ = {
			isa = PBXFileSystemSynchronizedRootGroup;
			path = NguliControllerUITests;
			sourceTree = "<group>";
		};
/* End PBXFileSystemSynchronizedRootGroup section */

/* Begin PBXFrameworksBuildPhase section */
		179119B12CDFA6EF001837B4 /* Frameworks */ = {
			isa = PBXFrameworksBuildPhase;
			buildActionMask = 2147483647;
			files = (
			);
			runOnlyForDeploymentPostprocessing = 0;
		};
		179119C32CDFA6F1001837B4 /* Frameworks */ = {
			isa = PBXFrameworksBuildPhase;
			buildActionMask = 2147483647;
			files = (
			);
			runOnlyForDeploymentPostprocessing = 0;
		};
		179119CD2CDFA6F1001837B4 /* Frameworks */ = {
			isa = PBXFrameworksBuildPhase;
			buildActionMask = 2147483647;
			files = (
			);
			runOnlyForDeploymentPostprocessing = 0;
		};
/* End PBXFrameworksBuildPhase section */

/* Begin PBXGroup section */
		179119AB2CDFA6EF001837B4 = {
			isa = PBXGroup;
			children = (
				179119B62CDFA6EF001837B4 /* NguliController */,
				179119C92CDFA6F1001837B4 /* NguliControllerTests */,
				179119D32CDFA6F1001837B4 /* NguliControllerUITests */,
				179119B52CDFA6EF001837B4 /* Products */,
			);
			sourceTree = "<group>";
		};
		179119B52CDFA6EF001837B4 /* Products */ = {
			isa = PBXGroup;
			children = (
				179119B42CDFA6EF001837B4 /* NguliController.app */,
				179119C62CDFA6F1001837B4 /* NguliControllerTests.xctest */,
				179119D02CDFA6F1001837B4 /* NguliControllerUITests.xctest */,
			);
			name = Products;
			sourceTree = "<group>";
		};
/* End PBXGroup section */

/* Begin PBXNativeTarget section */
		179119B32CDFA6EF001837B4 /* NguliController */ = {
			isa = PBXNativeTarget;
			buildConfigurationList = 179119DA2CDFA6F1001837B4 /* Build configuration list for PBXNativeTarget "NguliController" */;
			buildPhases = (
				179119B02CDFA6EF001837B4 /* Sources */,
				179119B12CDFA6EF001837B4 /* Frameworks */,
				179119B22CDFA6EF001837B4 /* Resources */,
			);
			buildRules = (
			);
			dependencies = (
			);
			fileSystemSynchronizedGroups = (
				179119B62CDFA6EF001837B4 /* NguliController */,
			);
			name = NguliController;
			packageProductDependencies = (
			);
			productName = NguliController;
			productReference = 179119B42CDFA6EF001837B4 /* NguliController.app */;
			productType = "com.apple.product-type.application";
		};
		179119C52CDFA6F1001837B4 /* NguliControllerTests */ = {
			isa = PBXNativeTarget;
			buildConfigurationList = 179119DD2CDFA6F1001837B4 /* Build configuration list for PBXNativeTarget "NguliControllerTests" */;
			buildPhases = (
				179119C22CDFA6F1001837B4 /* Sources */,
				179119C32CDFA6F1001837B4 /* Frameworks */,
				179119C42CDFA6F1001837B4 /* Resources */,
			);
			buildRules = (
			);
			dependencies = (
				179119C82CDFA6F1001837B4 /* PBXTargetDependency */,
			);
			fileSystemSynchronizedGroups = (
				179119C92CDFA6F1001837B4 /* NguliControllerTests */,
			);
			name = NguliControllerTests;
			packageProductDependencies = (
			);
			productName = NguliControllerTests;
			productReference = 179119C62CDFA6F1001837B4 /* NguliControllerTests.xctest */;
			productType = "com.apple.product-type.bundle.unit-test";
		};
		179119CF2CDFA6F1001837B4 /* NguliControllerUITests */ = {
			isa = PBXNativeTarget;
			buildConfigurationList = 179119E02CDFA6F1001837B4 /* Build configuration list for PBXNativeTarget "NguliControllerUITests" */;
			buildPhases = (
				179119CC2CDFA6F1001837B4 /* Sources */,
				179119CD2CDFA6F1001837B4 /* Frameworks */,
				179119CE2CDFA6F1001837B4 /* Resources */,
			);
			buildRules = (
			);
			dependencies = (
				179119D22CDFA6F1001837B4 /* PBXTargetDependency */,
			);
			fileSystemSynchronizedGroups = (
				179119D32CDFA6F1001837B4 /* NguliControllerUITests */,
			);
			name = NguliControllerUITests;
			packageProductDependencies = (
			);
			productName = NguliControllerUITests;
			productReference = 179119D02CDFA6F1001837B4 /* NguliControllerUITests.xctest */;
			productType = "com.apple.product-type.bundle.ui-testing";
		};
/* End PBXNativeTarget section */

/* Begin PBXProject section */
		179119AC2CDFA6EF001837B4 /* Project object */ = {
			isa = PBXProject;
			attributes = {
				BuildIndependentTargetsInParallel = 1;
				LastSwiftUpdateCheck = 1610;
				LastUpgradeCheck = 1610;
				TargetAttributes = {
					179119B32CDFA6EF001837B4 = {
						CreatedOnToolsVersion = 16.1;
					};
					179119C52CDFA6F1001837B4 = {
						CreatedOnToolsVersion = 16.1;
						TestTargetID = 179119B32CDFA6EF001837B4;
					};
					179119CF2CDFA6F1001837B4 = {
						CreatedOnToolsVersion = 16.1;
						TestTargetID = 179119B32CDFA6EF001837B4;
					};
				};
			};
			buildConfigurationList = 179119AF2CDFA6EF001837B4 /* Build configuration list for PBXProject "NguliController" */;
			developmentRegion = en;
			hasScannedForEncodings = 0;
			knownRegions = (
				en,
				Base,
			);
			mainGroup = 179119AB2CDFA6EF001837B4;
			minimizedProjectReferenceProxies = 1;
			preferredProjectObjectVersion = 77;
			productRefGroup = 179119B52CDFA6EF001837B4 /* Products */;
			projectDirPath = "";
			projectRoot = "";
			targets = (
				179119B32CDFA6EF001837B4 /* NguliController */,
				179119C52CDFA6F1001837B4 /* NguliControllerTests */,
				179119CF2CDFA6F1001837B4 /* NguliControllerUITests */,
			);
		};
/* End PBXProject section */

/* Begin PBXResourcesBuildPhase section */
		179119B22CDFA6EF001837B4 /* Resources */ = {
			isa = PBXResourcesBuildPhase;
			buildActionMask = 2147483647;
			files = (
			);
			runOnlyForDeploymentPostprocessing = 0;
		};
		179119C42CDFA6F1001837B4 /* Resources */ = {
			isa = PBXResourcesBuildPhase;
			buildActionMask = 2147483647;
			files = (
			);
			runOnlyForDeploymentPostprocessing = 0;
		};
		179119CE2CDFA6F1001837B4 /* Resources */ = {
			isa = PBXResourcesBuildPhase;
			buildActionMask = 2147483647;
			files = (
			);
			runOnlyForDeploymentPostprocessing = 0;
		};
/* End PBXResourcesBuildPhase section */

/* Begin PBXSourcesBuildPhase section */
		179119B02CDFA6EF001837B4 /* Sources */ = {
			isa = PBXSourcesBuildPhase;
			buildActionMask = 2147483647;
			files = (
			);
			runOnlyForDeploymentPostprocessing = 0;
		};
		179119C22CDFA6F1001837B4 /* Sources */ = {
			isa = PBXSourcesBuildPhase;
			buildActionMask = 2147483647;
			files = (
			);
			runOnlyForDeploymentPostprocessing = 0;
		};
		179119CC2CDFA6F1001837B4 /* Sources */ = {
			isa = PBXSourcesBuildPhase;
			buildActionMask = 2147483647;
			files = (
			);
			runOnlyForDeploymentPostprocessing = 0;
		};
/* End PBXSourcesBuildPhase section */

/* Begin PBXTargetDependency section */
		179119C82CDFA6F1001837B4 /* PBXTargetDependency */ = {
			isa = PBXTargetDependency;
			target = 179119B32CDFA6EF001837B4 /* NguliController */;
			targetProxy = 179119C72CDFA6F1001837B4 /* PBXContainerItemProxy */;
		};
		179119D22CDFA6F1001837B4 /* PBXTargetDependency */ = {
			isa = PBXTargetDependency;
			target = 179119B32CDFA6EF001837B4 /* NguliController */;
			targetProxy = 179119D12CDFA6F1001837B4 /* PBXContainerItemProxy */;
		};
/* End PBXTargetDependency section */

/* Begin XCBuildConfiguration section */
		179119D82CDFA6F1001837B4 /* Debug */ = {
			isa = XCBuildConfiguration;
			buildSettings = {
				ALWAYS_SEARCH_USER_PATHS = NO;
				ASSETCATALOG_COMPILER_GENERATE_SWIFT_ASSET_SYMBOL_EXTENSIONS = YES;
				CLANG_ANALYZER_NONNULL = YES;
				CLANG_ANALYZER_NUMBER_OBJECT_CONVERSION = YES_AGGRESSIVE;
				CLANG_CXX_LANGUAGE_STANDARD = "gnu++20";
				CLANG_ENABLE_MODULES = YES;
				CLANG_ENABLE_OBJC_ARC = YES;
				CLANG_ENABLE_OBJC_WEAK = YES;
				CLANG_WARN_BLOCK_CAPTURE_AUTORELEASING = YES;
				CLANG_WARN_BOOL_CONVERSION = YES;
				CLANG_WARN_COMMA = YES;
				CLANG_WARN_CONSTANT_CONVERSION = YES;
				CLANG_WARN_DEPRECATED_OBJC_IMPLEMENTATIONS = YES;
				CLANG_WARN_DIRECT_OBJC_ISA_USAGE = YES_ERROR;
				CLANG_WARN_DOCUMENTATION_COMMENTS = YES;
				CLANG_WARN_EMPTY_BODY = YES;
				CLANG_WARN_ENUM_CONVERSION = YES;
				CLANG_WARN_INFINITE_RECURSION = YES;
				CLANG_WARN_INT_CONVERSION = YES;
				CLANG_WARN_NON_LITERAL_NULL_CONVERSION = YES;
				CLANG_WARN_OBJC_IMPLICIT_RETAIN_SELF = YES;
				CLANG_WARN_OBJC_LITERAL_CONVERSION = YES;
				CLANG_WARN_OBJC_ROOT_CLASS = YES_ERROR;
				CLANG_WARN_QUOTED_INCLUDE_IN_FRAMEWORK_HEADER = YES;
				CLANG_WARN_RANGE_LOOP_ANALYSIS = YES;
				CLANG_WARN_STRICT_PROTOTYPES = YES;
				CLANG_WARN_SUSPICIOUS_MOVE = YES;
				CLANG_WARN_UNGUARDED_AVAILABILITY = YES_AGGRESSIVE;
				CLANG_WARN_UNREACHABLE_CODE = YES;
				CLANG_WARN__DUPLICATE_METHOD_MATCH = YES;
				COPY_PHASE_STRIP = NO;
				DEBUG_INFORMATION_FORMAT = dwarf;
				ENABLE_STRICT_OBJC_MSGSEND = YES;
				ENABLE_TESTABILITY = YES;
				ENABLE_USER_SCRIPT_SANDBOXING = YES;
				GCC_C_LANGUAGE_STANDARD = gnu17;
				GCC_DYNAMIC_NO_PIC = NO;
				GCC_NO_COMMON_BLOCKS = YES;
				GCC_OPTIMIZATION_LEVEL = 0;
				GCC_PREPROCESSOR_DEFINITIONS = (
					"DEBUG=1",
					"$(inherited)",
				);
				GCC_WARN_64_TO_32_BIT_CONVERSION = YES;
				GCC_WARN_ABOUT_RETURN_TYPE = YES_ERROR;
				GCC_WARN_UNDECLARED_SELECTOR = YES;
				GCC_WARN_UNINITIALIZED_AUTOS = YES_AGGRESSIVE;
				GCC_WARN_UNUSED_FUNCTION = YES;
				GCC_WARN_UNUSED_VARIABLE = YES;
				IPHONEOS_DEPLOYMENT_TARGET = 18.1;
				LOCALIZATION_PREFERS_STRING_CATALOGS = YES;
				MTL_ENABLE_DEBUG_INFO = INCLUDE_SOURCE;
				MTL_FAST_MATH = YES;
				ONLY_ACTIVE_ARCH = YES;
				SDKROOT = iphoneos;
				SWIFT_ACTIVE_COMPILATION_CONDITIONS = "DEBUG $(inherited)";
				SWIFT_OPTIMIZATION_LEVEL = "-Onone";
			};
			name = Debug;
		};
		179119D92CDFA6F1001837B4 /* Release */ = {
			isa = XCBuildConfiguration;
			buildSettings = {
				ALWAYS_SEARCH_USER_PATHS = NO;
				ASSETCATALOG_COMPILER_GENERATE_SWIFT_ASSET_SYMBOL_EXTENSIONS = YES;
				CLANG_ANALYZER_NONNULL = YES;
				CLANG_ANALYZER_NUMBER_OBJECT_CONVERSION = YES_AGGRESSIVE;
				CLANG_CXX_LANGUAGE_STANDARD = "gnu++20";
				CLANG_ENABLE_MODULES = YES;
				CLANG_ENABLE_OBJC_ARC = YES;
				CLANG_ENABLE_OBJC_WEAK = YES;
				CLANG_WARN_BLOCK_CAPTURE_AUTORELEASING = YES;
				CLANG_WARN_BOOL_CONVERSION = YES;
				CLANG_WARN_COMMA = YES;
				CLANG_WARN_CONSTANT_CONVERSION = YES;
				CLANG_WARN_DEPRECATED_OBJC_IMPLEMENTATIONS = YES;
				CLANG_WARN_DIRECT_OBJC_ISA_USAGE = YES_ERROR;
				CLANG_WARN_DOCUMENTATION_COMMENTS = YES;
				CLANG_WARN_EMPTY_BODY = YES;
				CLANG_WARN_ENUM_CONVERSION = YES;
				CLANG_WARN_INFINITE_RECURSION = YES;
				CLANG_WARN_INT_CONVERSION = YES;
				CLANG_WARN_NON_LITERAL_NULL_CONVERSION = YES;
				CLANG_WARN_OBJC_IMPLICIT_RETAIN_SELF = YES;
				CLANG_WARN_OBJC_LITERAL_CONVERSION = YES;
				CLANG_WARN_OBJC_ROOT_CLASS = YES_ERROR;
				CLANG_WARN_QUOTED_INCLUDE_IN_FRAMEWORK_HEADER = YES;
				CLANG_WARN_RANGE_LOOP_ANALYSIS = YES;
				CLANG_WARN_STRICT_PROTOTYPES = YES;
				CLANG_WARN_SUSPICIOUS_MOVE = YES;
				CLANG_WARN_UNGUARDED_AVAILABILITY = YES_AGGRESSIVE;
				CLANG_WARN_UNREACHABLE_CODE = YES;
				CLANG_WARN__DUPLICATE_METHOD_MATCH = YES;
				COPY_PHASE_STRIP = NO;
				DEBUG_INFORMATION_FORMAT = "dwarf-with-dsym";
				ENABLE_NS_ASSERTIONS = NO;
				ENABLE_STRICT_OBJC_MSGSEND = YES;
				ENABLE_USER_SCRIPT_SANDBOXING = YES;
				GCC_C_LANGUAGE_STANDARD = gnu17;
				GCC_NO_COMMON_BLOCKS = YES;
				GCC_WARN_64_TO_32_BIT_CONVERSION = YES;
				GCC_WARN_ABOUT_RETURN_TYPE = YES_ERROR;
				GCC_WARN_UNDECLARED_SELECTOR = YES;
				GCC_WARN_UNINITIALIZED_AUTOS = YES_AGGRESSIVE;
				GCC_WARN_UNUSED_FUNCTION = YES;
				GCC_WARN_UNUSED_VARIABLE = YES;
				IPHONEOS_DEPLOYMENT_TARGET = 18.1;
				LOCALIZATION_PREFERS_STRING_CATALOGS = YES;
				MTL_ENABLE_DEBUG_INFO = NO;
				MTL_FAST_MATH = YES;
				SDKROOT = iphoneos;
				SWIFT_COMPILATION_MODE = wholemodule;
				VALIDATE_PRODUCT = YES;
			};
			name = Release;
		};
		179119DB2CDFA6F1001837B4 /* Debug */ = {
			isa = XCBuildConfiguration;
			buildSettings = {
				ASSETCATALOG_COMPILER_APPICON_NAME = AppIcon;
				ASSETCATALOG_COMPILER_GLOBAL_ACCENT_COLOR_NAME = AccentColor;
				CODE_SIGN_STYLE = Automatic;
				CURRENT_PROJECT_VERSION = 1;
				DEVELOPMENT_ASSET_PATHS = "\"NguliController/Preview Content\"";
				DEVELOPMENT_TEAM = XRX8N4BJVQ;
				ENABLE_PREVIEWS = YES;
				GENERATE_INFOPLIST_FILE = YES;
				INFOPLIST_FILE = NguliController/Info.plist;
				INFOPLIST_KEY_NSLocalNetworkUsageDescription = "This app required local network usage";
				INFOPLIST_KEY_UIApplicationSceneManifest_Generation = YES;
				INFOPLIST_KEY_UIApplicationSupportsIndirectInputEvents = YES;
				INFOPLIST_KEY_UILaunchScreen_Generation = YES;
				INFOPLIST_KEY_UISupportedInterfaceOrientations = UIInterfaceOrientationLandscapeRight;
				INFOPLIST_KEY_UISupportedInterfaceOrientations_iPad = "UIInterfaceOrientationLandscapeLeft UIInterfaceOrientationLandscapeRight UIInterfaceOrientationPortrait UIInterfaceOrientationPortraitUpsideDown";
				IPHONEOS_DEPLOYMENT_TARGET = 18.0;
				LD_RUNPATH_SEARCH_PATHS = (
					"$(inherited)",
					"@executable_path/Frameworks",
				);
				MARKETING_VERSION = 1.0;
				PRODUCT_BUNDLE_IDENTIFIER = com.ahdan.NguliController;
				PRODUCT_NAME = "$(TARGET_NAME)";
				SUPPORTED_PLATFORMS = "iphoneos iphonesimulator";
				SUPPORTS_MACCATALYST = NO;
				SUPPORTS_MAC_DESIGNED_FOR_IPHONE_IPAD = NO;
				SUPPORTS_XR_DESIGNED_FOR_IPHONE_IPAD = NO;
				SWIFT_EMIT_LOC_STRINGS = YES;
				SWIFT_VERSION = 5.0;
				TARGETED_DEVICE_FAMILY = 1;
			};
			name = Debug;
		};
		179119DC2CDFA6F1001837B4 /* Release */ = {
			isa = XCBuildConfiguration;
			buildSettings = {
				ASSETCATALOG_COMPILER_APPICON_NAME = AppIcon;
				ASSETCATALOG_COMPILER_GLOBAL_ACCENT_COLOR_NAME = AccentColor;
				CODE_SIGN_STYLE = Automatic;
				CURRENT_PROJECT_VERSION = 1;
				DEVELOPMENT_ASSET_PATHS = "\"NguliController/Preview Content\"";
				DEVELOPMENT_TEAM = XRX8N4BJVQ;
				ENABLE_PREVIEWS = YES;
				GENERATE_INFOPLIST_FILE = YES;
				INFOPLIST_FILE = NguliController/Info.plist;
				INFOPLIST_KEY_NSLocalNetworkUsageDescription = "This app required local network usage";
				INFOPLIST_KEY_UIApplicationSceneManifest_Generation = YES;
				INFOPLIST_KEY_UIApplicationSupportsIndirectInputEvents = YES;
				INFOPLIST_KEY_UILaunchScreen_Generation = YES;
				INFOPLIST_KEY_UISupportedInterfaceOrientations = UIInterfaceOrientationLandscapeRight;
				INFOPLIST_KEY_UISupportedInterfaceOrientations_iPad = "UIInterfaceOrientationLandscapeLeft UIInterfaceOrientationLandscapeRight UIInterfaceOrientationPortrait UIInterfaceOrientationPortraitUpsideDown";
				IPHONEOS_DEPLOYMENT_TARGET = 18.0;
				LD_RUNPATH_SEARCH_PATHS = (
					"$(inherited)",
					"@executable_path/Frameworks",
				);
				MARKETING_VERSION = 1.0;
				PRODUCT_BUNDLE_IDENTIFIER = com.ahdan.NguliController;
				PRODUCT_NAME = "$(TARGET_NAME)";
				SUPPORTED_PLATFORMS = "iphoneos iphonesimulator";
				SUPPORTS_MACCATALYST = NO;
				SUPPORTS_MAC_DESIGNED_FOR_IPHONE_IPAD = NO;
				SUPPORTS_XR_DESIGNED_FOR_IPHONE_IPAD = NO;
				SWIFT_EMIT_LOC_STRINGS = YES;
				SWIFT_VERSION = 5.0;
				TARGETED_DEVICE_FAMILY = 1;
			};
			name = Release;
		};
		179119DE2CDFA6F1001837B4 /* Debug */ = {
			isa = XCBuildConfiguration;
			buildSettings = {
				BUNDLE_LOADER = "$(TEST_HOST)";
				CODE_SIGN_STYLE = Automatic;
				CURRENT_PROJECT_VERSION = 1;
				DEVELOPMENT_TEAM = XRX8N4BJVQ;
				GENERATE_INFOPLIST_FILE = YES;
				IPHONEOS_DEPLOYMENT_TARGET = 18.1;
				MARKETING_VERSION = 1.0;
				PRODUCT_BUNDLE_IDENTIFIER = com.ahdan.NguliControllerTests;
				PRODUCT_NAME = "$(TARGET_NAME)";
				SWIFT_EMIT_LOC_STRINGS = NO;
				SWIFT_VERSION = 5.0;
				TARGETED_DEVICE_FAMILY = "1,2";
				TEST_HOST = "$(BUILT_PRODUCTS_DIR)/NguliController.app/$(BUNDLE_EXECUTABLE_FOLDER_PATH)/NguliController";
			};
			name = Debug;
		};
		179119DF2CDFA6F1001837B4 /* Release */ = {
			isa = XCBuildConfiguration;
			buildSettings = {
				BUNDLE_LOADER = "$(TEST_HOST)";
				CODE_SIGN_STYLE = Automatic;
				CURRENT_PROJECT_VERSION = 1;
				DEVELOPMENT_TEAM = XRX8N4BJVQ;
				GENERATE_INFOPLIST_FILE = YES;
				IPHONEOS_DEPLOYMENT_TARGET = 18.1;
				MARKETING_VERSION = 1.0;
				PRODUCT_BUNDLE_IDENTIFIER = com.ahdan.NguliControllerTests;
				PRODUCT_NAME = "$(TARGET_NAME)";
				SWIFT_EMIT_LOC_STRINGS = NO;
				SWIFT_VERSION = 5.0;
				TARGETED_DEVICE_FAMILY = "1,2";
				TEST_HOST = "$(BUILT_PRODUCTS_DIR)/NguliController.app/$(BUNDLE_EXECUTABLE_FOLDER_PATH)/NguliController";
			};
			name = Release;
		};
		179119E12CDFA6F1001837B4 /* Debug */ = {
			isa = XCBuildConfiguration;
			buildSettings = {
				CODE_SIGN_STYLE = Automatic;
				CURRENT_PROJECT_VERSION = 1;
				DEVELOPMENT_TEAM = XRX8N4BJVQ;
				GENERATE_INFOPLIST_FILE = YES;
				MARKETING_VERSION = 1.0;
				PRODUCT_BUNDLE_IDENTIFIER = com.ahdan.NguliControllerUITests;
				PRODUCT_NAME = "$(TARGET_NAME)";
				SWIFT_EMIT_LOC_STRINGS = NO;
				SWIFT_VERSION = 5.0;
				TARGETED_DEVICE_FAMILY = "1,2";
				TEST_TARGET_NAME = NguliController;
			};
			name = Debug;
		};
		179119E22CDFA6F1001837B4 /* Release */ = {
			isa = XCBuildConfiguration;
			buildSettings = {
				CODE_SIGN_STYLE = Automatic;
				CURRENT_PROJECT_VERSION = 1;
				DEVELOPMENT_TEAM = XRX8N4BJVQ;
				GENERATE_INFOPLIST_FILE = YES;
				MARKETING_VERSION = 1.0;
				PRODUCT_BUNDLE_IDENTIFIER = com.ahdan.NguliControllerUITests;
				PRODUCT_NAME = "$(TARGET_NAME)";
				SWIFT_EMIT_LOC_STRINGS = NO;
				SWIFT_VERSION = 5.0;
				TARGETED_DEVICE_FAMILY = "1,2";
				TEST_TARGET_NAME = NguliController;
			};
			name = Release;
		};
/* End XCBuildConfiguration section */

/* Begin XCConfigurationList section */
		179119AF2CDFA6EF001837B4 /* Build configuration list for PBXProject "NguliController" */ = {
			isa = XCConfigurationList;
			buildConfigurations = (
				179119D82CDFA6F1001837B4 /* Debug */,
				179119D92CDFA6F1001837B4 /* Release */,
			);
			defaultConfigurationIsVisible = 0;
			defaultConfigurationName = Release;
		};
		179119DA2CDFA6F1001837B4 /* Build configuration list for PBXNativeTarget "NguliController" */ = {
			isa = XCConfigurationList;
			buildConfigurations = (
				179119DB2CDFA6F1001837B4 /* Debug */,
				179119DC2CDFA6F1001837B4 /* Release */,
			);
			defaultConfigurationIsVisible = 0;
			defaultConfigurationName = Release;
		};
		179119DD2CDFA6F1001837B4 /* Build configuration list for PBXNativeTarget "NguliControllerTests" */ = {
			isa = XCConfigurationList;
			buildConfigurations = (
				179119DE2CDFA6F1001837B4 /* Debug */,
				179119DF2CDFA6F1001837B4 /* Release */,
			);
			defaultConfigurationIsVisible = 0;
			defaultConfigurationName = Release;
		};
		179119E02CDFA6F1001837B4 /* Build configuration list for PBXNativeTarget "NguliControllerUITests" */ = {
			isa = XCConfigurationList;
			buildConfigurations = (
				179119E12CDFA6F1001837B4 /* Debug */,
				179119E22CDFA6F1001837B4 /* Release */,
			);
			defaultConfigurationIsVisible = 0;
			defaultConfigurationName = Release;
		};
/* End XCConfigurationList section */
	};
	rootObject = 179119AC2CDFA6EF001837B4 /* Project object */;
}
